
Microsoft Visual Studio Solution File, Format Version 12.00
# Visual Studio Version 18
VisualStudioVersion = 18.3.11505.172
MinimumVisualStudioVersion = 10.0.40219.1
Project("{FAE04EC0-301F-11D3-BF4B-00C04F79EFBC}") = "GroceryStore.Api", "src\backend\GroceryStore.Api\GroceryStore.Api.csproj", "{A0521258-7513-67C6-D1CF-62C97AD55FBD}"
EndProject
Project("{FAE04EC0-301F-11D3-BF4B-00C04F79EFBC}") = "GroceryStore.Application", "src\backend\GroceryStore.Application\GroceryStore.Application.csproj", "{796CC5EF-AF61-9C44-297E-EEE70C7114EE}"
EndProject
Project("{FAE04EC0-301F-11D3-BF4B-00C04F79EFBC}") = "GroceryStore.Domain", "src\backend\GroceryStore.Domain\GroceryStore.Domain.csproj", "{47BCDB84-8AEE-EFF7-BAC6-72ACADE3BF71}"
EndProject
Project("{FAE04EC0-301F-11D3-BF4B-00C04F79EFBC}") = "GroceryStore.Infrastructure", "src\backend\GroceryStore.Infrastructure\GroceryStore.Infrastructure.csproj", "{4A4CF35A-0485-5076-8E98-C889CF764F40}"
EndProject
Project("{FAE04EC0-301F-11D3-BF4B-00C04F79EFBC}") = "GroceryStore.Ui", "src\frontend\GroceryStore.Ui\GroceryStore.Ui.csproj", "{001CE899-9457-5428-D294-778F4419D532}"
EndProject
Project("{2150E333-8FDC-42A3-9474-1A3956D46DE8}") = "Solution Items", "Solution Items", "{A921E5B6-A0A7-4ADE-BC11-6DB4FDF7D357}"
	ProjectSection(SolutionItems) = preProject
		.gitignore = .gitignore
	EndProjectSection
EndProject
Project("{2150E333-8FDC-42A3-9474-1A3956D46DE8}") = "tests", "tests", "{0AB3BF05-4346-4AA6-1389-037BE0695223}"
EndProject
Project("{2150E333-8FDC-42A3-9474-1A3956D46DE8}") = "backend", "backend", "{C62EED4C-2AC9-F50F-E0BC-649CFEA98BDB}"
EndProject
Project("{FAE04EC0-301F-11D3-BF4B-00C04F79EFBC}") = "GroceryStore.Api.Tests", "tests\backend\GroceryStore.Api.Tests\GroceryStore.Api.Tests.csproj", "{E165191A-3923-4268-A553-41A692DE341D}"
EndProject
Project("{FAE04EC0-301F-11D3-BF4B-00C04F79EFBC}") = "GroceryStore.Domain.Tests", "tests\backend\GroceryStore.Domain.Tests\GroceryStore.Domain.Tests.csproj", "{20ACC246-E878-4974-B15E-7493476D7D09}"
EndProject
Project("{FAE04EC0-301F-11D3-BF4B-00C04F79EFBC}") = "GroceryStore.Application.Tests", "tests\backend\GroceryStore.Application.Tests\GroceryStore.Application.Tests.csproj", "{FDDD2CD6-8347-4099-AAB5-F7B20A3676D9}"
EndProject
Project("{FAE04EC0-301F-11D3-BF4B-00C04F79EFBC}") = "GroceryStore.Infrastructure.Tests", "tests\backend\GroceryStore.Infrastructure.Tests\GroceryStore.Infrastructure.Tests.csproj", "{0A528C9E-B839-4C1D-A910-DD8F64B8443F}"
EndProject
Project("{2150E333-8FDC-42A3-9474-1A3956D46DE8}") = "frontend", "frontend", "{FA8FFBD6-AFF2-4CE2-8F1A-323CBF9EE1CD}"
EndProject
Project("{FAE04EC0-301F-11D3-BF4B-00C04F79EFBC}") = "GroceryStore.UI.Tests", "tests\frontend\GroceryStore.UI.Tests\GroceryStore.UI.Tests.csproj", "{3B31294D-8AF2-47A9-B1A3-F1D3A85B9093}"
EndProject
Project("{FAE04EC0-301F-11D3-BF4B-00C04F79EFBC}") = "CQRS", "src\libs\CQRS\src\CQRS.csproj", "{B2ED352B-C1C0-1CBE-6D00-AE55B69E1034}"
EndProject
Global
	GlobalSection(SolutionConfigurationPlatforms) = preSolution
		Debug|Any CPU = Debug|Any CPU
		Debug|x64 = Debug|x64
		Debug|x86 = Debug|x86
		Release|Any CPU = Release|Any CPU
		Release|x64 = Release|x64
		Release|x86 = Release|x86
	EndGlobalSection
	GlobalSection(ProjectConfigurationPlatforms) = postSolution
		{A0521258-7513-67C6-D1CF-62C97AD55FBD}.Debug|Any CPU.ActiveCfg = Debug|Any CPU
		{A0521258-7513-67C6-D1CF-62C97AD55FBD}.Debug|Any CPU.Build.0 = Debug|Any CPU
		{A0521258-7513-67C6-D1CF-62C97AD55FBD}.Debug|x64.ActiveCfg = Debug|Any CPU
		{A0521258-7513-67C6-D1CF-62C97AD55FBD}.Debug|x64.Build.0 = Debug|Any CPU
		{A0521258-7513-67C6-D1CF-62C97AD55FBD}.Debug|x86.ActiveCfg = Debug|Any CPU
		{A0521258-7513-67C6-D1CF-62C97AD55FBD}.Debug|x86.Build.0 = Debug|Any CPU
		{A0521258-7513-67C6-D1CF-62C97AD55FBD}.Release|Any CPU.ActiveCfg = Release|Any CPU
		{A0521258-7513-67C6-D1CF-62C97AD55FBD}.Release|Any CPU.Build.0 = Release|Any CPU
		{A0521258-7513-67C6-D1CF-62C97AD55FBD}.Release|x64.ActiveCfg = Release|Any CPU
		{A0521258-7513-67C6-D1CF-62C97AD55FBD}.Release|x64.Build.0 = Release|Any CPU
		{A0521258-7513-67C6-D1CF-62C97AD55FBD}.Release|x86.ActiveCfg = Release|Any CPU
		{A0521258-7513-67C6-D1CF-62C97AD55FBD}.Release|x86.Build.0 = Release|Any CPU
		{796CC5EF-AF61-9C44-297E-EEE70C7114EE}.Debug|Any CPU.ActiveCfg = Debug|Any CPU
		{796CC5EF-AF61-9C44-297E-EEE70C7114EE}.Debug|Any CPU.Build.0 = Debug|Any CPU
		{796CC5EF-AF61-9C44-297E-EEE70C7114EE}.Debug|x64.ActiveCfg = Debug|Any CPU
		{796CC5EF-AF61-9C44-297E-EEE70C7114EE}.Debug|x64.Build.0 = Debug|Any CPU
		{796CC5EF-AF61-9C44-297E-EEE70C7114EE}.Debug|x86.ActiveCfg = Debug|Any CPU
		{796CC5EF-AF61-9C44-297E-EEE70C7114EE}.Debug|x86.Build.0 = Debug|Any CPU
		{796CC5EF-AF61-9C44-297E-EEE70C7114EE}.Release|Any CPU.ActiveCfg = Release|Any CPU
		{796CC5EF-AF61-9C44-297E-EEE70C7114EE}.Release|Any CPU.Build.0 = Release|Any CPU
		{796CC5EF-AF61-9C44-297E-EEE70C7114EE}.Release|x64.ActiveCfg = Release|Any CPU
		{796CC5EF-AF61-9C44-297E-EEE70C7114EE}.Release|x64.Build.0 = Release|Any CPU
		{796CC5EF-AF61-9C44-297E-EEE70C7114EE}.Release|x86.ActiveCfg = Release|Any CPU
		{796CC5EF-AF61-9C44-297E-EEE70C7114EE}.Release|x86.Build.0 = Release|Any CPU
		{47BCDB84-8AEE-EFF7-BAC6-72ACADE3BF71}.Debug|Any CPU.ActiveCfg = Debug|Any CPU
		{47BCDB84-8AEE-EFF7-BAC6-72ACADE3BF71}.Debug|Any CPU.Build.0 = Debug|Any CPU
		{47BCDB84-8AEE-EFF7-BAC6-72ACADE3BF71}.Debug|x64.ActiveCfg = Debug|Any CPU
		{47BCDB84-8AEE-EFF7-BAC6-72ACADE3BF71}.Debug|x64.Build.0 = Debug|Any CPU
		{47BCDB84-8AEE-EFF7-BAC6-72ACADE3BF71}.Debug|x86.ActiveCfg = Debug|Any CPU
		{47BCDB84-8AEE-EFF7-BAC6-72ACADE3BF71}.Debug|x86.Build.0 = Debug|Any CPU
		{47BCDB84-8AEE-EFF7-BAC6-72ACADE3BF71}.Release|Any CPU.ActiveCfg = Release|Any CPU
		{47BCDB84-8AEE-EFF7-BAC6-72ACADE3BF71}.Release|Any CPU.Build.0 = Release|Any CPU
		{47BCDB84-8AEE-EFF7-BAC6-72ACADE3BF71}.Release|x64.ActiveCfg = Release|Any CPU
		{47BCDB84-8AEE-EFF7-BAC6-72ACADE3BF71}.Release|x64.Build.0 = Release|Any CPU
		{47BCDB84-8AEE-EFF7-BAC6-72ACADE3BF71}.Release|x86.ActiveCfg = Release|Any CPU
		{47BCDB84-8AEE-EFF7-BAC6-72ACADE3BF71}.Release|x86.Build.0 = Release|Any CPU
		{4A4CF35A-0485-5076-8E98-C889CF764F40}.Debug|Any CPU.ActiveCfg = Debug|Any CPU
		{4A4CF35A-0485-5076-8E98-C889CF764F40}.Debug|Any CPU.Build.0 = Debug|Any CPU
		{4A4CF35A-0485-5076-8E98-C889CF764F40}.Debug|x64.ActiveCfg = Debug|Any CPU
		{4A4CF35A-0485-5076-8E98-C889CF764F40}.Debug|x64.Build.0 = Debug|Any CPU
		{4A4CF35A-0485-5076-8E98-C889CF764F40}.Debug|x86.ActiveCfg = Debug|Any CPU
		{4A4CF35A-0485-5076-8E98-C889CF764F40}.Debug|x86.Build.0 = Debug|Any CPU
		{4A4CF35A-0485-5076-8E98-C889CF764F40}.Release|Any CPU.ActiveCfg = Release|Any CPU
		{4A4CF35A-0485-5076-8E98-C889CF764F40}.Release|Any CPU.Build.0 = Release|Any CPU
		{4A4CF35A-0485-5076-8E98-C889CF764F40}.Release|x64.ActiveCfg = Release|Any CPU
		{4A4CF35A-0485-5076-8E98-C889CF764F40}.Release|x64.Build.0 = Release|Any CPU
		{4A4CF35A-0485-5076-8E98-C889CF764F40}.Release|x86.ActiveCfg = Release|Any CPU
		{4A4CF35A-0485-5076-8E98-C889CF764F40}.Release|x86.Build.0 = Release|Any CPU
		{001CE899-9457-5428-D294-778F4419D532}.Debug|Any CPU.ActiveCfg = Debug|Any CPU
		{001CE899-9457-5428-D294-778F4419D532}.Debug|Any CPU.Build.0 = Debug|Any CPU
		{001CE899-9457-5428-D294-778F4419D532}.Debug|x64.ActiveCfg = Debug|Any CPU
		{001CE899-9457-5428-D294-778F4419D532}.Debug|x64.Build.0 = Debug|Any CPU
		{001CE899-9457-5428-D294-778F4419D532}.Debug|x86.ActiveCfg = Debug|Any CPU
		{001CE899-9457-5428-D294-778F4419D532}.Debug|x86.Build.0 = Debug|Any CPU
		{001CE899-9457-5428-D294-778F4419D532}.Release|Any CPU.ActiveCfg = Release|Any CPU
		{001CE899-9457-5428-D294-778F4419D532}.Release|Any CPU.Build.0 = Release|Any CPU
		{001CE899-9457-5428-D294-778F4419D532}.Release|x64.ActiveCfg = Release|Any CPU
		{001CE899-9457-5428-D294-778F4419D532}.Release|x64.Build.0 = Release|Any CPU
		{001CE899-9457-5428-D294-778F4419D532}.Release|x86.ActiveCfg = Release|Any CPU
		{001CE899-9457-5428-D294-778F4419D532}.Release|x86.Build.0 = Release|Any CPU
		{E165191A-3923-4268-A553-41A692DE341D}.Debug|Any CPU.ActiveCfg = Debug|Any CPU
		{E165191A-3923-4268-A553-41A692DE341D}.Debug|Any CPU.Build.0 = Debug|Any CPU
		{E165191A-3923-4268-A553-41A692DE341D}.Debug|x64.ActiveCfg = Debug|Any CPU
		{E165191A-3923-4268-A553-41A692DE341D}.Debug|x64.Build.0 = Debug|Any CPU
		{E165191A-3923-4268-A553-41A692DE341D}.Debug|x86.ActiveCfg = Debug|Any CPU
		{E165191A-3923-4268-A553-41A692DE341D}.Debug|x86.Build.0 = Debug|Any CPU
		{E165191A-3923-4268-A553-41A692DE341D}.Release|Any CPU.ActiveCfg = Release|Any CPU
		{E165191A-3923-4268-A553-41A692DE341D}.Release|Any CPU.Build.0 = Release|Any CPU
		{E165191A-3923-4268-A553-41A692DE341D}.Release|x64.ActiveCfg = Release|Any CPU
		{E165191A-3923-4268-A553-41A692DE341D}.Release|x64.Build.0 = Release|Any CPU
		{E165191A-3923-4268-A553-41A692DE341D}.Release|x86.ActiveCfg = Release|Any CPU
		{E165191A-3923-4268-A553-41A692DE341D}.Release|x86.Build.0 = Release|Any CPU
		{20ACC246-E878-4974-B15E-7493476D7D09}.Debug|Any CPU.ActiveCfg = Debug|Any CPU
		{20ACC246-E878-4974-B15E-7493476D7D09}.Debug|Any CPU.Build.0 = Debug|Any CPU
		{20ACC246-E878-4974-B15E-7493476D7D09}.Debug|x64.ActiveCfg = Debug|Any CPU
		{20ACC246-E878-4974-B15E-7493476D7D09}.Debug|x64.Build.0 = Debug|Any CPU
		{20ACC246-E878-4974-B15E-7493476D7D09}.Debug|x86.ActiveCfg = Debug|Any CPU
		{20ACC246-E878-4974-B15E-7493476D7D09}.Debug|x86.Build.0 = Debug|Any CPU
		{20ACC246-E878-4974-B15E-7493476D7D09}.Release|Any CPU.ActiveCfg = Release|Any CPU
		{20ACC246-E878-4974-B15E-7493476D7D09}.Release|Any CPU.Build.0 = Release|Any CPU
		{20ACC246-E878-4974-B15E-7493476D7D09}.Release|x64.ActiveCfg = Release|Any CPU
		{20ACC246-E878-4974-B15E-7493476D7D09}.Release|x64.Build.0 = Release|Any CPU
		{20ACC246-E878-4974-B15E-7493476D7D09}.Release|x86.ActiveCfg = Release|Any CPU
		{20ACC246-E878-4974-B15E-7493476D7D09}.Release|x86.Build.0 = Release|Any CPU
		{FDDD2CD6-8347-4099-AAB5-F7B20A3676D9}.Debug|Any CPU.ActiveCfg = Debug|Any CPU
		{FDDD2CD6-8347-4099-AAB5-F7B20A3676D9}.Debug|Any CPU.Build.0 = Debug|Any CPU
		{FDDD2CD6-8347-4099-AAB5-F7B20A3676D9}.Debug|x64.ActiveCfg = Debug|Any CPU
		{FDDD2CD6-8347-4099-AAB5-F7B20A3676D9}.Debug|x64.Build.0 = Debug|Any CPU
		{FDDD2CD6-8347-4099-AAB5-F7B20A3676D9}.Debug|x86.ActiveCfg = Debug|Any CPU
		{FDDD2CD6-8347-4099-AAB5-F7B20A3676D9}.Debug|x86.Build.0 = Debug|Any CPU
		{FDDD2CD6-8347-4099-AAB5-F7B20A3676D9}.Release|Any CPU.ActiveCfg = Release|Any CPU
		{FDDD2CD6-8347-4099-AAB5-F7B20A3676D9}.Release|Any CPU.Build.0 = Release|Any CPU
		{FDDD2CD6-8347-4099-AAB5-F7B20A3676D9}.Release|x64.ActiveCfg = Release|Any CPU
		{FDDD2CD6-8347-4099-AAB5-F7B20A3676D9}.Release|x64.Build.0 = Release|Any CPU
		{FDDD2CD6-8347-4099-AAB5-F7B20A3676D9}.Release|x86.ActiveCfg = Release|Any CPU
		{FDDD2CD6-8347-4099-AAB5-F7B20A3676D9}.Release|x86.Build.0 = Release|Any CPU
		{0A528C9E-B839-4C1D-A910-DD8F64B8443F}.Debug|Any CPU.ActiveCfg = Debug|Any CPU
		{0A528C9E-B839-4C1D-A910-DD8F64B8443F}.Debug|Any CPU.Build.0 = Debug|Any CPU
		{0A528C9E-B839-4C1D-A910-DD8F64B8443F}.Debug|x64.ActiveCfg = Debug|Any CPU
		{0A528C9E-B839-4C1D-A910-DD8F64B8443F}.Debug|x64.Build.0 = Debug|Any CPU
		{0A528C9E-B839-4C1D-A910-DD8F64B8443F}.Debug|x86.ActiveCfg = Debug|Any CPU
		{0A528C9E-B839-4C1D-A910-DD8F64B8443F}.Debug|x86.Build.0 = Debug|Any CPU
		{0A528C9E-B839-4C1D-A910-DD8F64B8443F}.Release|Any CPU.ActiveCfg = Release|Any CPU
		{0A528C9E-B839-4C1D-A910-DD8F64B8443F}.Release|Any CPU.Build.0 = Release|Any CPU
		{0A528C9E-B839-4C1D-A910-DD8F64B8443F}.Release|x64.ActiveCfg = Release|Any CPU
		{0A528C9E-B839-4C1D-A910-DD8F64B8443F}.Release|x64.Build.0 = Release|Any CPU
		{0A528C9E-B839-4C1D-A910-DD8F64B8443F}.Release|x86.ActiveCfg = Release|Any CPU
		{0A528C9E-B839-4C1D-A910-DD8F64B8443F}.Release|x86.Build.0 = Release|Any CPU
		{3B31294D-8AF2-47A9-B1A3-F1D3A85B9093}.Debug|Any CPU.ActiveCfg = Debug|Any CPU
		{3B31294D-8AF2-47A9-B1A3-F1D3A85B9093}.Debug|Any CPU.Build.0 = Debug|Any CPU
		{3B31294D-8AF2-47A9-B1A3-F1D3A85B9093}.Debug|x64.ActiveCfg = Debug|Any CPU
		{3B31294D-8AF2-47A9-B1A3-F1D3A85B9093}.Debug|x64.Build.0 = Debug|Any CPU
		{3B31294D-8AF2-47A9-B1A3-F1D3A85B9093}.Debug|x86.ActiveCfg = Debug|Any CPU
		{3B31294D-8AF2-47A9-B1A3-F1D3A85B9093}.Debug|x86.Build.0 = Debug|Any CPU
		{3B31294D-8AF2-47A9-B1A3-F1D3A85B9093}.Release|Any CPU.ActiveCfg = Release|Any CPU
		{3B31294D-8AF2-47A9-B1A3-F1D3A85B9093}.Release|Any CPU.Build.0 = Release|Any CPU
		{3B31294D-8AF2-47A9-B1A3-F1D3A85B9093}.Release|x64.ActiveCfg = Release|Any CPU
		{3B31294D-8AF2-47A9-B1A3-F1D3A85B9093}.Release|x64.Build.0 = Release|Any CPU
		{3B31294D-8AF2-47A9-B1A3-F1D3A85B9093}.Release|x86.ActiveCfg = Release|Any CPU
		{3B31294D-8AF2-47A9-B1A3-F1D3A85B9093}.Release|x86.Build.0 = Release|Any CPU
		{B2ED352B-C1C0-1CBE-6D00-AE55B69E1034}.Debug|Any CPU.ActiveCfg = Debug|Any CPU
		{B2ED352B-C1C0-1CBE-6D00-AE55B69E1034}.Debug|Any CPU.Build.0 = Debug|Any CPU
		{B2ED352B-C1C0-1CBE-6D00-AE55B69E1034}.Debug|x64.ActiveCfg = Debug|Any CPU
		{B2ED352B-C1C0-1CBE-6D00-AE55B69E1034}.Debug|x64.Build.0 = Debug|Any CPU
		{B2ED352B-C1C0-1CBE-6D00-AE55B69E1034}.Debug|x86.ActiveCfg = Debug|Any CPU
		{B2ED352B-C1C0-1CBE-6D00-AE55B69E1034}.Debug|x86.Build.0 = Debug|Any CPU
		{B2ED352B-C1C0-1CBE-6D00-AE55B69E1034}.Release|Any CPU.ActiveCfg = Release|Any CPU
		{B2ED352B-C1C0-1CBE-6D00-AE55B69E1034}.Release|Any CPU.Build.0 = Release|Any CPU
		{B2ED352B-C1C0-1CBE-6D00-AE55B69E1034}.Release|x64.ActiveCfg = Release|Any CPU
		{B2ED352B-C1C0-1CBE-6D00-AE55B69E1034}.Release|x64.Build.0 = Release|Any CPU
		{B2ED352B-C1C0-1CBE-6D00-AE55B69E1034}.Release|x86.ActiveCfg = Release|Any CPU
		{B2ED352B-C1C0-1CBE-6D00-AE55B69E1034}.Release|x86.Build.0 = Release|Any CPU
	EndGlobalSection
	GlobalSection(SolutionProperties) = preSolution
		HideSolutionNode = FALSE
	EndGlobalSection
	GlobalSection(NestedProjects) = preSolution
		{C62EED4C-2AC9-F50F-E0BC-649CFEA98BDB} = {0AB3BF05-4346-4AA6-1389-037BE0695223}
		{E165191A-3923-4268-A553-41A692DE341D} = {C62EED4C-2AC9-F50F-E0BC-649CFEA98BDB}
		{20ACC246-E878-4974-B15E-7493476D7D09} = {C62EED4C-2AC9-F50F-E0BC-649CFEA98BDB}
		{FDDD2CD6-8347-4099-AAB5-F7B20A3676D9} = {C62EED4C-2AC9-F50F-E0BC-649CFEA98BDB}
		{0A528C9E-B839-4C1D-A910-DD8F64B8443F} = {C62EED4C-2AC9-F50F-E0BC-649CFEA98BDB}
		{FA8FFBD6-AFF2-4CE2-8F1A-323CBF9EE1CD} = {0AB3BF05-4346-4AA6-1389-037BE0695223}
		{3B31294D-8AF2-47A9-B1A3-F1D3A85B9093} = {FA8FFBD6-AFF2-4CE2-8F1A-323CBF9EE1CD}
	EndGlobalSection
	GlobalSection(ExtensibilityGlobals) = postSolution
		SolutionGuid = {D145B55C-EBF2-4F1B-B419-6C51387F599D}
	EndGlobalSection
EndGlobal
